
Microsoft Visual Studio Solution File, Format Version 12.00
# Visual Studio Version 17
VisualStudioVersion = 17.6.33717.318
MinimumVisualStudioVersion = 10.0.40219.1
Project("{9A19103F-16F7-4668-BE54-9A1E7A4F7556}") = "Pschool", "Pschool.csproj", "{C90A0EAD-ED59-43D7-97F7-3E1E0823ECFD}"
EndProject
Project("{FAE04EC0-301F-11D3-BF4B-00C04F79EFBC}") = "Pschool.Web", "..\Pschool.Web\Pschool.Web.csproj", "{659A8D7C-C8EA-48BB-A280-2BC504D38A18}"
EndProject
Global
	GlobalSection(SolutionConfigurationPlatforms) = preSolution
		Debug|Any CPU = Debug|Any CPU
		Release|Any CPU = Release|Any CPU
	EndGlobalSection
	GlobalSection(ProjectConfigurationPlatforms) = postSolution
		{C90A0EAD-ED59-43D7-97F7-3E1E0823ECFD}.Debug|Any CPU.ActiveCfg = Debug|Any CPU
		{C90A0EAD-ED59-43D7-97F7-3E1E0823ECFD}.Debug|Any CPU.Build.0 = Debug|Any CPU
		{C90A0EAD-ED59-43D7-97F7-3E1E0823ECFD}.Release|Any CPU.ActiveCfg = Release|Any CPU
		{C90A0EAD-ED59-43D7-97F7-3E1E0823ECFD}.Release|Any CPU.Build.0 = Release|Any CPU
		{659A8D7C-C8EA-48BB-A280-2BC504D38A18}.Debug|Any CPU.ActiveCfg = Debug|Any CPU
		{659A8D7C-C8EA-48BB-A280-2BC504D38A18}.Debug|Any CPU.Build.0 = Debug|Any CPU
		{659A8D7C-C8EA-48BB-A280-2BC504D38A18}.Release|Any CPU.ActiveCfg = Release|Any CPU
		{659A8D7C-C8EA-48BB-A280-2BC504D38A18}.Release|Any CPU.Build.0 = Release|Any CPU
	EndGlobalSection
	GlobalSection(SolutionProperties) = preSolution
		HideSolutionNode = FALSE
	EndGlobalSection
	GlobalSection(ExtensibilityGlobals) = postSolution
		SolutionGuid = {2D89F3BB-E4D9-4D54-8A2B-690A40F35F0C}
	EndGlobalSection
EndGlobal
